
Microsoft Visual Studio Solution File, Format Version 10.00
# Visual Studio 2008
Project("{FAE04EC0-301F-11D3-BF4B-00C04F79EFBC}") = "TDDStarbucksExample", "TDDStarbucksExample\TDDStarbucksExample.csproj", "{AC9DFE4D-23E4-49B2-AF9D-32FE856C711E}"
EndProject
Project("{FAE04EC0-301F-11D3-BF4B-00C04F79EFBC}") = "Behaviours", "Behaviours\Behaviours.csproj", "{122B69A6-3823-4F04-9C2B-7AE1B95821D3}"
EndProject
Global
	GlobalSection(SolutionConfigurationPlatforms) = preSolution
		Debug|Any CPU = Debug|Any CPU
		Release|Any CPU = Release|Any CPU
	EndGlobalSection
	GlobalSection(ProjectConfigurationPlatforms) = postSolution
		{AC9DFE4D-23E4-49B2-AF9D-32FE856C711E}.Debug|Any CPU.ActiveCfg = Debug|Any CPU
		{AC9DFE4D-23E4-49B2-AF9D-32FE856C711E}.Debug|Any CPU.Build.0 = Debug|Any CPU
		{AC9DFE4D-23E4-49B2-AF9D-32FE856C711E}.Release|Any CPU.ActiveCfg = Release|Any CPU
		{AC9DFE4D-23E4-49B2-AF9D-32FE856C711E}.Release|Any CPU.Build.0 = Release|Any CPU
		{122B69A6-3823-4F04-9C2B-7AE1B95821D3}.Debug|Any CPU.ActiveCfg = Debug|Any CPU
		{122B69A6-3823-4F04-9C2B-7AE1B95821D3}.Debug|Any CPU.Build.0 = Debug|Any CPU
		{122B69A6-3823-4F04-9C2B-7AE1B95821D3}.Release|Any CPU.ActiveCfg = Release|Any CPU
		{122B69A6-3823-4F04-9C2B-7AE1B95821D3}.Release|Any CPU.Build.0 = Release|Any CPU
	EndGlobalSection
	GlobalSection(SolutionProperties) = preSolution
		HideSolutionNode = FALSE
	EndGlobalSection
EndGlobal
